{
  "lockfileVersion": 1,
  "workspaces": {
    "": {
      "name": "fjes",
      "dependencies": {
        "animejs": "4.3.6",
      },
      "devDependencies": {
        "@tweakpane/core": "^2.0.5",
        "@types/bun": "latest",
        "tweakpane": "^4.0.5",
      },
      "peerDependencies": {
        "typescript": "^5",
      },
    },
  },
  "packages": {
    "@tweakpane/core": ["@tweakpane/core@2.0.5", "", {}, "sha512-punBgD5rKCF5vcNo6BsSOXiDR/NSs9VM7SG65QSLJIxfRaGgj54ree9zQW6bO3pNFf3AogiGgaNODUVQRk9YqQ=="],

    "@types/bun": ["@types/bun@1.3.9", "", { "dependencies": { "bun-types": "1.3.9" } }, "sha512-KQ571yULOdWJiMH+RIWIOZ7B2RXQGpL1YQrBtLIV3FqDcCu6FsbFUBwhdKUlCKUpS3PJDsHlJ1QKlpxoVR+xtw=="],

    "@types/node": ["@types/node@25.2.3", "", { "dependencies": { "undici-types": "~7.16.0" } }, "sha512-m0jEgYlYz+mDJZ2+F4v8D1AyQb+QzsNqRuI7xg1VQX/KlKS0qT9r1Mo16yo5F/MtifXFgaofIFsdFMox2SxIbQ=="],

    "animejs": ["animejs@4.3.6", "", {}, "sha512-rzZ4bDc8JAtyx6hYwxj7s5M/yWfnM5qqY4hZDnhy1cWFvMb6H5/necHS2sbCY3WQTDbRLuZL10dPXSxSCFOr/w=="],

    "bun-types": ["bun-types@1.3.9", "", { "dependencies": { "@types/node": "*" } }, "sha512-+UBWWOakIP4Tswh0Bt0QD0alpTY8cb5hvgiYeWCMet9YukHbzuruIEeXC2D7nMJPB12kbh8C7XJykSexEqGKJg=="],

    "tweakpane": ["tweakpane@4.0.5", "", {}, "sha512-rxEXdSI+ArlG1RyO6FghC4ZUX8JkEfz8F3v1JuteXSV0pEtHJzyo07fcDG+NsJfN5L39kSbCYbB9cBGHyuI/tQ=="],

    "typescript": ["typescript@5.9.3", "", { "bin": { "tsc": "bin/tsc", "tsserver": "bin/tsserver" } }, "sha512-jl1vZzPDinLr9eUt3J/t7V6FgNEw9QjvBPdysz9KfQDD41fQrC2Y4vKQdiaUpFT4bXlb1RHhLpp8wtm6M5TgSw=="],

    "undici-types": ["undici-types@7.16.0", "", {}, "sha512-Zz+aZWSj8LE6zoxD+xrjh4VfkIG8Ya6LvYkZqtUQGJPZjYl53ypCaUwWqo7eI0x66KBGeRo+mlBEkMSeSZ38Nw=="],
  }
}
